PODS:
  - Flutter (1.0.0)
  - flutter_secure_storage_darwin (10.0.0):
    - Flutter
    - FlutterMacOS
  - mapbox_maps_flutter (2.22.0):
    - Flutter
    - MapboxMaps (= 11.22.0)
    - Turf (= 4.0.0)
  - MapboxCommon (24.22.0):
    - Turf (= 4.0.0)
  - MapboxCoreMaps (11.22.0):
    - MapboxCommon (= 24.22.0)
  - MapboxMaps (11.22.0):
    - MapboxCommon (= 24.22.0)
    - MapboxCoreMaps (= 11.22.0)
    - Turf (= 4.0.0)
  - Turf (4.0.0)

DEPENDENCIES:
  - Flutter (from `Flutter`)
  - flutter_secure_storage_darwin (from `.symlinks/plugins/flutter_secure_storage_darwin/darwin`)
  - mapbox_maps_flutter (from `.symlinks/plugins/mapbox_maps_flutter/ios`)

SPEC REPOS:
  trunk:
    - MapboxCommon
    - MapboxCoreMaps
    - MapboxMaps
    - Turf

EXTERNAL SOURCES:
  Flutter:
    :path: Flutter
  flutter_secure_storage_darwin:
    :path: ".symlinks/plugins/flutter_secure_storage_darwin/darwin"
  mapbox_maps_flutter:
    :path: ".symlinks/plugins/mapbox_maps_flutter/ios"

SPEC CHECKSUMS:
  Flutter: cabc95a1d2626b1b06e7179b784ebcf0c0cde467
  flutter_secure_storage_darwin: acdb3f316ed05a3e68f856e0353b133eec373a23
  mapbox_maps_flutter: 3c576050b18a56061d850a0a7dc6554c3f6ee85a
  MapboxCommon: 6289d93c415c56767eccf00054f967387dead18d
  MapboxCoreMaps: 0890befe3a181edbc6b65a418437157929c25271
  MapboxMaps: 892b9a4c38213096104531df0e50f3f54863b8d3
  Turf: c9eb11a65d96af58cac523460fd40fec5061b081

PODFILE CHECKSUM: 11221f5a451805d6f9c1d27eaea10ad7f36ee66a

COCOAPODS: 1.16.2
